
Microsoft Visual Studio Solution File, Format Version 12.00
# Visual Studio 15
VisualStudioVersion = 15.0.28307.779
MinimumVisualStudioVersion = 10.0.40219.1
Project("{9A19103F-16F7-4668-BE54-9A1E7A4F7556}") = "Anagram.API", "Anagrammer.API\Anagram.API.csproj", "{978DC3F0-0444-4642-ADEA-C169C1137A17}"
EndProject
Project("{9A19103F-16F7-4668-BE54-9A1E7A4F7556}") = "Anagrammer.Tests", "Anagrammer.Tests\Anagrammer.Tests.csproj", "{3908937F-B7AC-4A1D-BA98-6A6B841302BF}"
EndProject
Project("{2150E333-8FDC-42A3-9474-1A3956D46DE8}") = "Solution Items", "Solution Items", "{FDD081B0-E21F-4DD7-91FE-9D4A558E3FCF}"
	ProjectSection(SolutionItems) = preProject
		README.md = README.md
	EndProjectSection
EndProject
Global
	GlobalSection(SolutionConfigurationPlatforms) = preSolution
		Debug|Any CPU = Debug|Any CPU
		Release|Any CPU = Release|Any CPU
	EndGlobalSection
	GlobalSection(ProjectConfigurationPlatforms) = postSolution
		{978DC3F0-0444-4642-ADEA-C169C1137A17}.Debug|Any CPU.ActiveCfg = Debug|Any CPU
		{978DC3F0-0444-4642-ADEA-C169C1137A17}.Debug|Any CPU.Build.0 = Debug|Any CPU
		{978DC3F0-0444-4642-ADEA-C169C1137A17}.Release|Any CPU.ActiveCfg = Release|Any CPU
		{978DC3F0-0444-4642-ADEA-C169C1137A17}.Release|Any CPU.Build.0 = Release|Any CPU
		{3908937F-B7AC-4A1D-BA98-6A6B841302BF}.Debug|Any CPU.ActiveCfg = Debug|Any CPU
		{3908937F-B7AC-4A1D-BA98-6A6B841302BF}.Debug|Any CPU.Build.0 = Debug|Any CPU
		{3908937F-B7AC-4A1D-BA98-6A6B841302BF}.Release|Any CPU.ActiveCfg = Release|Any CPU
		{3908937F-B7AC-4A1D-BA98-6A6B841302BF}.Release|Any CPU.Build.0 = Release|Any CPU
	EndGlobalSection
	GlobalSection(SolutionProperties) = preSolution
		HideSolutionNode = FALSE
	EndGlobalSection
	GlobalSection(ExtensibilityGlobals) = postSolution
		SolutionGuid = {B27DEC23-D9C5-4124-BFB0-E7F46F53FF02}
	EndGlobalSection
EndGlobal
